
Microsoft Visual Studio Solution File, Format Version 12.00
# Visual Studio Version 16
VisualStudioVersion = 16.0.30413.136
MinimumVisualStudioVersion = 10.0.40219.1
Project("{FAE04EC0-301F-11D3-BF4B-00C04F79EFBC}") = "NY PRAGUE PARKING TENTA", "NY PRAGUE PARKING TENTA\NY PRAGUE PARKING TENTA.csproj", "{577CCDD7-4A61-4182-A340-2DBF355ABB57}"
EndProject
Global
	GlobalSection(SolutionConfigurationPlatforms) = preSolution
		Debug|Any CPU = Debug|Any CPU
		Release|Any CPU = Release|Any CPU
	EndGlobalSection
	GlobalSection(ProjectConfigurationPlatforms) = postSolution
		{577CCDD7-4A61-4182-A340-2DBF355ABB57}.Debug|Any CPU.ActiveCfg = Debug|Any CPU
		{577CCDD7-4A61-4182-A340-2DBF355ABB57}.Debug|Any CPU.Build.0 = Debug|Any CPU
		{577CCDD7-4A61-4182-A340-2DBF355ABB57}.Release|Any CPU.ActiveCfg = Release|Any CPU
		{577CCDD7-4A61-4182-A340-2DBF355ABB57}.Release|Any CPU.Build.0 = Release|Any CPU
	EndGlobalSection
	GlobalSection(SolutionProperties) = preSolution
		HideSolutionNode = FALSE
	EndGlobalSection
	GlobalSection(ExtensibilityGlobals) = postSolution
		SolutionGuid = {2B63A871-03C7-4723-BE75-0C7B6A997776}
	EndGlobalSection
EndGlobal
